
Microsoft Visual Studio Solution File, Format Version 12.00
# Visual Studio Version 16
VisualStudioVersion = 16.0.32106.194
MinimumVisualStudioVersion = 10.0.40219.1
Project("{FAE04EC0-301F-11D3-BF4B-00C04F79EFBC}") = "MVCProject", "MVCProject\MVCProject.csproj", "{8619AD3A-1C25-495D-93CB-97B4739C87D1}"
EndProject
Global
	GlobalSection(SolutionConfigurationPlatforms) = preSolution
		Debug|Any CPU = Debug|Any CPU
		Release|Any CPU = Release|Any CPU
	EndGlobalSection
	GlobalSection(ProjectConfigurationPlatforms) = postSolution
		{8619AD3A-1C25-495D-93CB-97B4739C87D1}.Debug|Any CPU.ActiveCfg = Debug|Any CPU
		{8619AD3A-1C25-495D-93CB-97B4739C87D1}.Debug|Any CPU.Build.0 = Debug|Any CPU
		{8619AD3A-1C25-495D-93CB-97B4739C87D1}.Release|Any CPU.ActiveCfg = Release|Any CPU
		{8619AD3A-1C25-495D-93CB-97B4739C87D1}.Release|Any CPU.Build.0 = Release|Any CPU
	EndGlobalSection
	GlobalSection(SolutionProperties) = preSolution
		HideSolutionNode = FALSE
	EndGlobalSection
	GlobalSection(ExtensibilityGlobals) = postSolution
		SolutionGuid = {95B37EFF-659A-4270-AFA8-8D9890EC44AB}
	EndGlobalSection
EndGlobal
